
Microsoft Visual Studio Solution File, Format Version 12.00
# Visual Studio Version 17
VisualStudioVersion = 17.9.34622.214
MinimumVisualStudioVersion = 10.0.40219.1
Project("{FAE04EC0-301F-11D3-BF4B-00C04F79EFBC}") = "OrderApi.Domain", "OrderApi.Domain\OrderApi.Domain.csproj", "{97A23DC4-B5EA-4085-B428-7C67DA1C3125}"
EndProject
Project("{FAE04EC0-301F-11D3-BF4B-00C04F79EFBC}") = "OrderApi.Application", "OrderApi.Application\OrderApi.Application.csproj", "{A56300A3-9944-4CED-82A5-D926C3CC40AA}"
EndProject
Project("{FAE04EC0-301F-11D3-BF4B-00C04F79EFBC}") = "OrderApi.Infrastructure", "OrderApi.Infrastructure\OrderApi.Infrastructure.csproj", "{663DB62A-D25E-4544-9C3E-C710C6E04F44}"
EndProject
Project("{FAE04EC0-301F-11D3-BF4B-00C04F79EFBC}") = "OrderApi.Presentation", "OrderApi.Presentation\OrderApi.Presentation.csproj", "{56923261-61FC-45FD-AE32-2E0ABD08BF63}"
EndProject
Project("{9A19103F-16F7-4668-BE54-9A1E7A4F7556}") = "eCommerce.SharedLibrary", "..\DemoECommerce.SharedLibrarySolution\eCommerce.SharedLibrary\eCommerce.SharedLibrary.csproj", "{E0E726F6-D69D-4A53-B16D-9A3A026BF8D7}"
EndProject
Global
	GlobalSection(SolutionConfigurationPlatforms) = preSolution
		Debug|Any CPU = Debug|Any CPU
		Release|Any CPU = Release|Any CPU
	EndGlobalSection
	GlobalSection(ProjectConfigurationPlatforms) = postSolution
		{97A23DC4-B5EA-4085-B428-7C67DA1C3125}.Debug|Any CPU.ActiveCfg = Debug|Any CPU
		{97A23DC4-B5EA-4085-B428-7C67DA1C3125}.Debug|Any CPU.Build.0 = Debug|Any CPU
		{97A23DC4-B5EA-4085-B428-7C67DA1C3125}.Release|Any CPU.ActiveCfg = Release|Any CPU
		{97A23DC4-B5EA-4085-B428-7C67DA1C3125}.Release|Any CPU.Build.0 = Release|Any CPU
		{A56300A3-9944-4CED-82A5-D926C3CC40AA}.Debug|Any CPU.ActiveCfg = Debug|Any CPU
		{A56300A3-9944-4CED-82A5-D926C3CC40AA}.Debug|Any CPU.Build.0 = Debug|Any CPU
		{A56300A3-9944-4CED-82A5-D926C3CC40AA}.Release|Any CPU.ActiveCfg = Release|Any CPU
		{A56300A3-9944-4CED-82A5-D926C3CC40AA}.Release|Any CPU.Build.0 = Release|Any CPU
		{663DB62A-D25E-4544-9C3E-C710C6E04F44}.Debug|Any CPU.ActiveCfg = Debug|Any CPU
		{663DB62A-D25E-4544-9C3E-C710C6E04F44}.Debug|Any CPU.Build.0 = Debug|Any CPU
		{663DB62A-D25E-4544-9C3E-C710C6E04F44}.Release|Any CPU.ActiveCfg = Release|Any CPU
		{663DB62A-D25E-4544-9C3E-C710C6E04F44}.Release|Any CPU.Build.0 = Release|Any CPU
		{56923261-61FC-45FD-AE32-2E0ABD08BF63}.Debug|Any CPU.ActiveCfg = Debug|Any CPU
		{56923261-61FC-45FD-AE32-2E0ABD08BF63}.Debug|Any CPU.Build.0 = Debug|Any CPU
		{56923261-61FC-45FD-AE32-2E0ABD08BF63}.Release|Any CPU.ActiveCfg = Release|Any CPU
		{56923261-61FC-45FD-AE32-2E0ABD08BF63}.Release|Any CPU.Build.0 = Release|Any CPU
		{E0E726F6-D69D-4A53-B16D-9A3A026BF8D7}.Debug|Any CPU.ActiveCfg = Debug|Any CPU
		{E0E726F6-D69D-4A53-B16D-9A3A026BF8D7}.Debug|Any CPU.Build.0 = Debug|Any CPU
		{E0E726F6-D69D-4A53-B16D-9A3A026BF8D7}.Release|Any CPU.ActiveCfg = Release|Any CPU
		{E0E726F6-D69D-4A53-B16D-9A3A026BF8D7}.Release|Any CPU.Build.0 = Release|Any CPU
	EndGlobalSection
	GlobalSection(SolutionProperties) = preSolution
		HideSolutionNode = FALSE
	EndGlobalSection
	GlobalSection(ExtensibilityGlobals) = postSolution
		SolutionGuid = {8CD39248-5DC1-4E3A-BBDA-196D933BEA44}
	EndGlobalSection
EndGlobal
